
Microsoft Visual Studio Solution File, Format Version 12.00
# Visual Studio Version 17
VisualStudioVersion = 17.13.35818.85 d17.13
MinimumVisualStudioVersion = 10.0.40219.1
Project("{FAE04EC0-301F-11D3-BF4B-00C04F79EFBC}") = "FF1PRAP", "FF1PRAP.csproj", "{415A996E-6D6F-CF07-118C-8C161D1AC333}"
EndProject
Global
	GlobalSection(SolutionConfigurationPlatforms) = preSolution
		Debug|Any CPU = Debug|Any CPU
		Release|Any CPU = Release|Any CPU
	EndGlobalSection
	GlobalSection(ProjectConfigurationPlatforms) = postSolution
		{415A996E-6D6F-CF07-118C-8C161D1AC333}.Debug|Any CPU.ActiveCfg = Debug|Any CPU
		{415A996E-6D6F-CF07-118C-8C161D1AC333}.Debug|Any CPU.Build.0 = Debug|Any CPU
		{415A996E-6D6F-CF07-118C-8C161D1AC333}.Release|Any CPU.ActiveCfg = Release|Any CPU
		{415A996E-6D6F-CF07-118C-8C161D1AC333}.Release|Any CPU.Build.0 = Release|Any CPU
	EndGlobalSection
	GlobalSection(SolutionProperties) = preSolution
		HideSolutionNode = FALSE
	EndGlobalSection
	GlobalSection(ExtensibilityGlobals) = postSolution
		SolutionGuid = {BDA14E24-1346-444A-9C95-5923A9050CFA}
	EndGlobalSection
EndGlobal
